
Microsoft Visual Studio Solution File, Format Version 12.00
# Visual Studio 15
VisualStudioVersion = 15.0.27428.2027
MinimumVisualStudioVersion = 10.0.40219.1
Project("{FAE04EC0-301F-11D3-BF4B-00C04F79EFBC}") = "Table_of_airport", "Table_of_airport\Table_of_airport.csproj", "{D3618D52-D477-405E-BABA-1C6BDDF2699C}"
EndProject
Global
	GlobalSection(SolutionConfigurationPlatforms) = preSolution
		Debug|Any CPU = Debug|Any CPU
		Release|Any CPU = Release|Any CPU
	EndGlobalSection
	GlobalSection(ProjectConfigurationPlatforms) = postSolution
		{D3618D52-D477-405E-BABA-1C6BDDF2699C}.Debug|Any CPU.ActiveCfg = Debug|Any CPU
		{D3618D52-D477-405E-BABA-1C6BDDF2699C}.Debug|Any CPU.Build.0 = Debug|Any CPU
		{D3618D52-D477-405E-BABA-1C6BDDF2699C}.Release|Any CPU.ActiveCfg = Release|Any CPU
		{D3618D52-D477-405E-BABA-1C6BDDF2699C}.Release|Any CPU.Build.0 = Release|Any CPU
	EndGlobalSection
	GlobalSection(SolutionProperties) = preSolution
		HideSolutionNode = FALSE
	EndGlobalSection
	GlobalSection(ExtensibilityGlobals) = postSolution
		SolutionGuid = {6BFEB0AF-AF9F-4C1F-B845-B1B32676ACC7}
	EndGlobalSection
EndGlobal
